
Microsoft Visual Studio Solution File, Format Version 12.00
# Visual Studio 15
VisualStudioVersion = 15.0.27130.2027
MinimumVisualStudioVersion = 10.0.40219.1
Project("{FAE04EC0-301F-11D3-BF4B-00C04F79EFBC}") = "CloudSonos", "CloudSonos\CloudSonos.csproj", "{FC4E209C-DAA0-47C6-B56E-2B5823C11686}"
EndProject
Global
	GlobalSection(SolutionConfigurationPlatforms) = preSolution
		Debug|Any CPU = Debug|Any CPU
		Release|Any CPU = Release|Any CPU
	EndGlobalSection
	GlobalSection(ProjectConfigurationPlatforms) = postSolution
		{FC4E209C-DAA0-47C6-B56E-2B5823C11686}.Debug|Any CPU.ActiveCfg = Debug|Any CPU
		{FC4E209C-DAA0-47C6-B56E-2B5823C11686}.Debug|Any CPU.Build.0 = Debug|Any CPU
		{FC4E209C-DAA0-47C6-B56E-2B5823C11686}.Release|Any CPU.ActiveCfg = Release|Any CPU
		{FC4E209C-DAA0-47C6-B56E-2B5823C11686}.Release|Any CPU.Build.0 = Release|Any CPU
	EndGlobalSection
	GlobalSection(SolutionProperties) = preSolution
		HideSolutionNode = FALSE
	EndGlobalSection
	GlobalSection(ExtensibilityGlobals) = postSolution
		SolutionGuid = {E85F5513-D5CC-4A5C-AA68-CFF0D416AB27}
	EndGlobalSection
EndGlobal
